
Microsoft Visual Studio Solution File, Format Version 12.00
# Visual Studio Version 16
VisualStudioVersion = 16.0.32630.194
MinimumVisualStudioVersion = 10.0.40219.1
Project("{9A19103F-16F7-4668-BE54-9A1E7A4F7556}") = "EmployeeClient", "EmployeeClient\EmployeeClient.csproj", "{BEFA0E2E-A1B8-4893-8954-AE239CD86371}"
EndProject
Project("{2150E333-8FDC-42A3-9474-1A3956D46DE8}") = "Solution Items", "Solution Items", "{1103A7A7-BE1D-4049-A4F7-46E3E8CAA601}"
EndProject
Global
	GlobalSection(SolutionConfigurationPlatforms) = preSolution
		Debug|Any CPU = Debug|Any CPU
		Release|Any CPU = Release|Any CPU
	EndGlobalSection
	GlobalSection(ProjectConfigurationPlatforms) = postSolution
		{BEFA0E2E-A1B8-4893-8954-AE239CD86371}.Debug|Any CPU.ActiveCfg = Debug|Any CPU
		{BEFA0E2E-A1B8-4893-8954-AE239CD86371}.Debug|Any CPU.Build.0 = Debug|Any CPU
		{BEFA0E2E-A1B8-4893-8954-AE239CD86371}.Release|Any CPU.ActiveCfg = Release|Any CPU
		{BEFA0E2E-A1B8-4893-8954-AE239CD86371}.Release|Any CPU.Build.0 = Release|Any CPU
	EndGlobalSection
	GlobalSection(SolutionProperties) = preSolution
		HideSolutionNode = FALSE
	EndGlobalSection
	GlobalSection(ExtensibilityGlobals) = postSolution
		SolutionGuid = {C3B87F0C-1C5A-4B9D-AD1E-2D18327131C8}
	EndGlobalSection
EndGlobal
